<Solution>
  <Folder Name="/OhMyBot.Tests/" />
  <Folder Name="/OhMyBot.Tests/Fixtures/" />
  <Folder Name="/OhMyBot.Tests/Fixtures/PluginDependencyA/">
    <Project Path="OhMyBot.Tests/Fixtures/PluginDependencyA/OhMyBot.Tests.PluginDependencyA.csproj" />
  </Folder>
  <Folder Name="/OhMyBot.Tests/Fixtures/PluginDependencyB/">
    <Project Path="OhMyBot.Tests/Fixtures/PluginDependencyB/OhMyBot.Tests.PluginDependencyB.csproj" />
  </Folder>
  <Folder Name="/OhMyBot.Tests/Fixtures/PluginDependencyLibrary/">
    <Project Path="OhMyBot.Tests/Fixtures/PluginDependencyLibrary/OhMyBot.Tests.PluginDependencyLibrary.csproj" />
  </Folder>
  <Project Path="OhMyBot.Contracts/OhMyBot.Contracts.csproj" />
  <Project Path="OhMyBot.Core.Host/OhMyBot.Core.Host.csproj" />
  <Project Path="OhMyBot.Core/OhMyBot.Core.csproj" />
  <Project Path="OhMyBot.Logging/OhMyBot.Logging.csproj" />
  <Project Path="OhMyBot.OneBotV11/OhMyBot.OneBotV11.csproj" />
  <Project Path="OhMyBot.Plugin.Abstractions/OhMyBot.Plugin.Abstractions.csproj" />
  <Project Path="OhMyBot.Plugin.Commanding/OhMyBot.Plugin.Commanding.csproj" />
  <Project Path="OhMyBot.QQGateway/OhMyBot.QQGateway.csproj" />
  <Project Path="OhMyBot.TelegramGateway/OhMyBot.TelegramGateway.csproj" />
  <Project Path="OhMyBot.Tests/OhMyBot.Tests.csproj" />
</Solution>
