
Microsoft Visual Studio Solution File, Format Version 12.00
Project("{FAE04EC0-301F-11D3-BF4B-00C04F79EFBC}") = "OhMyBot.Tests", "OhMyBot.Tests\OhMyBot.Tests.csproj", "{CC520DAD-7F81-4CC1-91EE-9FAD74C20521}"
EndProject
Project("{FAE04EC0-301F-11D3-BF4B-00C04F79EFBC}") = "OhMyBot.Contracts", "OhMyBot.Contracts\OhMyBot.Contracts.csproj", "{AFBBE4B9-25B7-4DB0-BEBD-9CC3208C199D}"
EndProject
Project("{FAE04EC0-301F-11D3-BF4B-00C04F79EFBC}") = "OhMyBot.Core", "OhMyBot.Core\OhMyBot.Core.csproj", "{0AAD627E-114F-4F74-8277-651839316AA9}"
EndProject
Project("{FAE04EC0-301F-11D3-BF4B-00C04F79EFBC}") = "OhMyBot.TelegramGateway", "OhMyBot.TelegramGateway\OhMyBot.TelegramGateway.csproj", "{3ABA9433-7C20-47AC-AF41-9C8BF63A9CF1}"
EndProject
Project("{FAE04EC0-301F-11D3-BF4B-00C04F79EFBC}") = "OhMyBot.QQGateway", "OhMyBot.QQGateway\OhMyBot.QQGateway.csproj", "{27CC8415-A1D8-42A3-829F-B2768D0866B2}"
EndProject
Project("{FAE04EC0-301F-11D3-BF4B-00C04F79EFBC}") = "OhMyBot.OneBotV11", "OhMyBot.OneBotV11\OhMyBot.OneBotV11.csproj", "{99CC06BC-2C34-4A6C-BEE7-017AC77F89CC}"
EndProject
Global
	GlobalSection(SolutionConfigurationPlatforms) = preSolution
		Debug|Any CPU = Debug|Any CPU
		Debug|x64 = Debug|x64
		Debug|x86 = Debug|x86
		Release|Any CPU = Release|Any CPU
		Release|x64 = Release|x64
		Release|x86 = Release|x86
	EndGlobalSection
	GlobalSection(ProjectConfigurationPlatforms) = postSolution
		{CC520DAD-7F81-4CC1-91EE-9FAD74C20521}.Debug|Any CPU.ActiveCfg = Debug|Any CPU
		{CC520DAD-7F81-4CC1-91EE-9FAD74C20521}.Debug|Any CPU.Build.0 = Debug|Any CPU
		{CC520DAD-7F81-4CC1-91EE-9FAD74C20521}.Debug|x64.ActiveCfg = Debug|Any CPU
		{CC520DAD-7F81-4CC1-91EE-9FAD74C20521}.Debug|x64.Build.0 = Debug|Any CPU
		{CC520DAD-7F81-4CC1-91EE-9FAD74C20521}.Debug|x86.ActiveCfg = Debug|Any CPU
		{CC520DAD-7F81-4CC1-91EE-9FAD74C20521}.Debug|x86.Build.0 = Debug|Any CPU
		{CC520DAD-7F81-4CC1-91EE-9FAD74C20521}.Release|Any CPU.ActiveCfg = Release|Any CPU
		{CC520DAD-7F81-4CC1-91EE-9FAD74C20521}.Release|Any CPU.Build.0 = Release|Any CPU
		{CC520DAD-7F81-4CC1-91EE-9FAD74C20521}.Release|x64.ActiveCfg = Release|Any CPU
		{CC520DAD-7F81-4CC1-91EE-9FAD74C20521}.Release|x64.Build.0 = Release|Any CPU
		{CC520DAD-7F81-4CC1-91EE-9FAD74C20521}.Release|x86.ActiveCfg = Release|Any CPU
		{CC520DAD-7F81-4CC1-91EE-9FAD74C20521}.Release|x86.Build.0 = Release|Any CPU
		{AFBBE4B9-25B7-4DB0-BEBD-9CC3208C199D}.Debug|Any CPU.ActiveCfg = Debug|Any CPU
		{AFBBE4B9-25B7-4DB0-BEBD-9CC3208C199D}.Debug|Any CPU.Build.0 = Debug|Any CPU
		{AFBBE4B9-25B7-4DB0-BEBD-9CC3208C199D}.Debug|x64.ActiveCfg = Debug|Any CPU
		{AFBBE4B9-25B7-4DB0-BEBD-9CC3208C199D}.Debug|x64.Build.0 = Debug|Any CPU
		{AFBBE4B9-25B7-4DB0-BEBD-9CC3208C199D}.Debug|x86.ActiveCfg = Debug|Any CPU
		{AFBBE4B9-25B7-4DB0-BEBD-9CC3208C199D}.Debug|x86.Build.0 = Debug|Any CPU
		{AFBBE4B9-25B7-4DB0-BEBD-9CC3208C199D}.Release|Any CPU.ActiveCfg = Release|Any CPU
		{AFBBE4B9-25B7-4DB0-BEBD-9CC3208C199D}.Release|Any CPU.Build.0 = Release|Any CPU
		{AFBBE4B9-25B7-4DB0-BEBD-9CC3208C199D}.Release|x64.ActiveCfg = Release|Any CPU
		{AFBBE4B9-25B7-4DB0-BEBD-9CC3208C199D}.Release|x64.Build.0 = Release|Any CPU
		{AFBBE4B9-25B7-4DB0-BEBD-9CC3208C199D}.Release|x86.ActiveCfg = Release|Any CPU
		{AFBBE4B9-25B7-4DB0-BEBD-9CC3208C199D}.Release|x86.Build.0 = Release|Any CPU
		{0AAD627E-114F-4F74-8277-651839316AA9}.Debug|Any CPU.ActiveCfg = Debug|Any CPU
		{0AAD627E-114F-4F74-8277-651839316AA9}.Debug|Any CPU.Build.0 = Debug|Any CPU
		{0AAD627E-114F-4F74-8277-651839316AA9}.Debug|x64.ActiveCfg = Debug|Any CPU
		{0AAD627E-114F-4F74-8277-651839316AA9}.Debug|x64.Build.0 = Debug|Any CPU
		{0AAD627E-114F-4F74-8277-651839316AA9}.Debug|x86.ActiveCfg = Debug|Any CPU
		{0AAD627E-114F-4F74-8277-651839316AA9}.Debug|x86.Build.0 = Debug|Any CPU
		{0AAD627E-114F-4F74-8277-651839316AA9}.Release|Any CPU.ActiveCfg = Release|Any CPU
		{0AAD627E-114F-4F74-8277-651839316AA9}.Release|Any CPU.Build.0 = Release|Any CPU
		{0AAD627E-114F-4F74-8277-651839316AA9}.Release|x64.ActiveCfg = Release|Any CPU
		{0AAD627E-114F-4F74-8277-651839316AA9}.Release|x64.Build.0 = Release|Any CPU
		{0AAD627E-114F-4F74-8277-651839316AA9}.Release|x86.ActiveCfg = Release|Any CPU
		{0AAD627E-114F-4F74-8277-651839316AA9}.Release|x86.Build.0 = Release|Any CPU
		{3ABA9433-7C20-47AC-AF41-9C8BF63A9CF1}.Debug|Any CPU.ActiveCfg = Debug|Any CPU
		{3ABA9433-7C20-47AC-AF41-9C8BF63A9CF1}.Debug|Any CPU.Build.0 = Debug|Any CPU
		{3ABA9433-7C20-47AC-AF41-9C8BF63A9CF1}.Debug|x64.ActiveCfg = Debug|Any CPU
		{3ABA9433-7C20-47AC-AF41-9C8BF63A9CF1}.Debug|x64.Build.0 = Debug|Any CPU
		{3ABA9433-7C20-47AC-AF41-9C8BF63A9CF1}.Debug|x86.ActiveCfg = Debug|Any CPU
		{3ABA9433-7C20-47AC-AF41-9C8BF63A9CF1}.Debug|x86.Build.0 = Debug|Any CPU
		{3ABA9433-7C20-47AC-AF41-9C8BF63A9CF1}.Release|Any CPU.ActiveCfg = Release|Any CPU
		{3ABA9433-7C20-47AC-AF41-9C8BF63A9CF1}.Release|Any CPU.Build.0 = Release|Any CPU
		{3ABA9433-7C20-47AC-AF41-9C8BF63A9CF1}.Release|x64.ActiveCfg = Release|Any CPU
		{3ABA9433-7C20-47AC-AF41-9C8BF63A9CF1}.Release|x64.Build.0 = Release|Any CPU
		{3ABA9433-7C20-47AC-AF41-9C8BF63A9CF1}.Release|x86.ActiveCfg = Release|Any CPU
		{3ABA9433-7C20-47AC-AF41-9C8BF63A9CF1}.Release|x86.Build.0 = Release|Any CPU
		{27CC8415-A1D8-42A3-829F-B2768D0866B2}.Debug|Any CPU.ActiveCfg = Debug|Any CPU
		{27CC8415-A1D8-42A3-829F-B2768D0866B2}.Debug|Any CPU.Build.0 = Debug|Any CPU
		{27CC8415-A1D8-42A3-829F-B2768D0866B2}.Debug|x64.ActiveCfg = Debug|Any CPU
		{27CC8415-A1D8-42A3-829F-B2768D0866B2}.Debug|x64.Build.0 = Debug|Any CPU
		{27CC8415-A1D8-42A3-829F-B2768D0866B2}.Debug|x86.ActiveCfg = Debug|Any CPU
		{27CC8415-A1D8-42A3-829F-B2768D0866B2}.Debug|x86.Build.0 = Debug|Any CPU
		{27CC8415-A1D8-42A3-829F-B2768D0866B2}.Release|Any CPU.ActiveCfg = Release|Any CPU
		{27CC8415-A1D8-42A3-829F-B2768D0866B2}.Release|Any CPU.Build.0 = Release|Any CPU
		{27CC8415-A1D8-42A3-829F-B2768D0866B2}.Release|x64.ActiveCfg = Release|Any CPU
		{27CC8415-A1D8-42A3-829F-B2768D0866B2}.Release|x64.Build.0 = Release|Any CPU
		{27CC8415-A1D8-42A3-829F-B2768D0866B2}.Release|x86.ActiveCfg = Release|Any CPU
		{27CC8415-A1D8-42A3-829F-B2768D0866B2}.Release|x86.Build.0 = Release|Any CPU
		{99CC06BC-2C34-4A6C-BEE7-017AC77F89CC}.Debug|Any CPU.ActiveCfg = Debug|Any CPU
		{99CC06BC-2C34-4A6C-BEE7-017AC77F89CC}.Debug|Any CPU.Build.0 = Debug|Any CPU
		{99CC06BC-2C34-4A6C-BEE7-017AC77F89CC}.Debug|x64.ActiveCfg = Debug|Any CPU
		{99CC06BC-2C34-4A6C-BEE7-017AC77F89CC}.Debug|x64.Build.0 = Debug|Any CPU
		{99CC06BC-2C34-4A6C-BEE7-017AC77F89CC}.Debug|x86.ActiveCfg = Debug|Any CPU
		{99CC06BC-2C34-4A6C-BEE7-017AC77F89CC}.Debug|x86.Build.0 = Debug|Any CPU
		{99CC06BC-2C34-4A6C-BEE7-017AC77F89CC}.Release|Any CPU.ActiveCfg = Release|Any CPU
		{99CC06BC-2C34-4A6C-BEE7-017AC77F89CC}.Release|Any CPU.Build.0 = Release|Any CPU
		{99CC06BC-2C34-4A6C-BEE7-017AC77F89CC}.Release|x64.ActiveCfg = Release|Any CPU
		{99CC06BC-2C34-4A6C-BEE7-017AC77F89CC}.Release|x64.Build.0 = Release|Any CPU
		{99CC06BC-2C34-4A6C-BEE7-017AC77F89CC}.Release|x86.ActiveCfg = Release|Any CPU
		{99CC06BC-2C34-4A6C-BEE7-017AC77F89CC}.Release|x86.Build.0 = Release|Any CPU
	EndGlobalSection
	GlobalSection(SolutionProperties) = preSolution
		HideSolutionNode = FALSE
	EndGlobalSection
EndGlobal
